
Microsoft Visual Studio Solution File, Format Version 12.00
# Visual Studio Version 17
VisualStudioVersion = 17.7.34202.233
MinimumVisualStudioVersion = 10.0.40219.1
Project("{FAE04EC0-301F-11D3-BF4B-00C04F79EFBC}") = "StudentErolment.API", "StudentErolment.API\StudentErolment.API.csproj", "{B3E8ABCA-4634-432D-98DB-199ADE60EFB4}"
EndProject
Global
	GlobalSection(SolutionConfigurationPlatforms) = preSolution
		Debug|Any CPU = Debug|Any CPU
		Release|Any CPU = Release|Any CPU
	EndGlobalSection
	GlobalSection(ProjectConfigurationPlatforms) = postSolution
		{B3E8ABCA-4634-432D-98DB-199ADE60EFB4}.Debug|Any CPU.ActiveCfg = Debug|Any CPU
		{B3E8ABCA-4634-432D-98DB-199ADE60EFB4}.Debug|Any CPU.Build.0 = Debug|Any CPU
		{B3E8ABCA-4634-432D-98DB-199ADE60EFB4}.Release|Any CPU.ActiveCfg = Release|Any CPU
		{B3E8ABCA-4634-432D-98DB-199ADE60EFB4}.Release|Any CPU.Build.0 = Release|Any CPU
	EndGlobalSection
	GlobalSection(SolutionProperties) = preSolution
		HideSolutionNode = FALSE
	EndGlobalSection
	GlobalSection(ExtensibilityGlobals) = postSolution
		SolutionGuid = {3C29C1B2-0E1C-472E-900D-D87019199054}
	EndGlobalSection
EndGlobal
